{
  "name": "socialmedia_app",
  "lockfileVersion": 2,
  "requires": true,
  "packages": {
    "": {
      "dependencies": {
        "dotenv": "^16.3.1",
        "redux": "^4.2.1",
        "redux-toolkit": "^1.1.2"
      }
    },
    "node_modules/@babel/runtime": {
      "version": "7.22.6",
      "resolved": "https://registry.npmjs.org/@babel/runtime/-/runtime-7.22.6.tgz",
      "integrity": "sha512-wDb5pWm4WDdF6LFUde3Jl8WzPA+3ZbxYqkC6xAXuD3irdEHN1k0NfTRrJD8ZD378SJ61miMLCqIOXYhd8x+AJQ==",
      "dependencies": {
        "regenerator-runtime": "^0.13.11"
      },
      "engines": {
        "node": ">=6.9.0"
      }
    },
    "node_modules/debug": {
      "version": "2.6.9",
      "resolved": "https://registry.npmjs.org/debug/-/debug-2.6.9.tgz",
      "integrity": "sha512-bC7ElrdJaJnPbAP+1EotYvqZsb3ecl5wi6Bfi6BJTUcNowp6cvspg0jXznRTKDjm/E7AdgFBVeAPVMNcKGsHMA==",
      "dependencies": {
        "ms": "2.0.0"
      }
    },
    "node_modules/dotenv": {
      "version": "16.3.1",
      "resolved": "https://registry.npmjs.org/dotenv/-/dotenv-16.3.1.tgz",
      "integrity": "sha512-IPzF4w4/Rd94bA9imS68tZBaYyBWSCE47V1RGuMrB94iyTOIEwRmVL2x/4An+6mETpLrKJ5hQkB8W4kFAadeIQ==",
      "engines": {
        "node": ">=12"
      },
      "funding": {
        "url": "https://github.com/motdotla/dotenv?sponsor=1"
      }
    },
    "node_modules/flux-standard-action": {
      "version": "0.6.1",
      "resolved": "https://registry.npmjs.org/flux-standard-action/-/flux-standard-action-0.6.1.tgz",
      "integrity": "sha512-CBd2tVQN1xvBz7i2ZMPP7XvMbZQCSl/Pz4a00JRQyipYlKNUwsHJctZW+dveCAxFySMvXlVJNevyfMOgT8Byvw==",
      "dependencies": {
        "lodash.isplainobject": "^3.2.0"
      }
    },
    "node_modules/invariant": {
      "version": "2.2.4",
      "resolved": "https://registry.npmjs.org/invariant/-/invariant-2.2.4.tgz",
      "integrity": "sha512-phJfQVBuaJM5raOpJjSfkiD6BpbCE4Ns//LaXl6wGYtUBY83nWS6Rf9tXm2e8VaK60JEjYldbPif/A2B1C2gNA==",
      "dependencies": {
        "loose-envify": "^1.0.0"
      }
    },
    "node_modules/js-tokens": {
      "version": "4.0.0",
      "resolved": "https://registry.npmjs.org/js-tokens/-/js-tokens-4.0.0.tgz",
      "integrity": "sha512-RdJUflcE3cUzKiMqQgsCu06FPu9UdIJO0beYbPhHN4k6apgJtifcoCtT9bcxOpYBtpD2kCM6Sbzg4CausW/PKQ=="
    },
    "node_modules/lodash": {
      "version": "3.10.1",
      "resolved": "https://registry.npmjs.org/lodash/-/lodash-3.10.1.tgz",
      "integrity": "sha512-9mDDwqVIma6OZX79ZlDACZl8sBm0TEnkf99zV3iMA4GzkIT/9hiqP5mY0HoT1iNLCrKc/R1HByV+yJfRWVJryQ=="
    },
    "node_modules/lodash._basefor": {
      "version": "3.0.3",
      "resolved": "https://registry.npmjs.org/lodash._basefor/-/lodash._basefor-3.0.3.tgz",
      "integrity": "sha512-6bc3b8grkpMgDcVJv9JYZAk/mHgcqMljzm7OsbmcE2FGUMmmLQTPHlh/dFqR8LA0GQ7z4K67JSotVKu5058v1A=="
    },
    "node_modules/lodash.isarguments": {
      "version": "3.1.0",
      "resolved": "https://registry.npmjs.org/lodash.isarguments/-/lodash.isarguments-3.1.0.tgz",
      "integrity": "sha512-chi4NHZlZqZD18a0imDHnZPrDeBbTtVN7GXMwuGdRH9qotxAjYs3aVLKc7zNOG9eddR5Ksd8rvFEBc9SsggPpg=="
    },
    "node_modules/lodash.isarray": {
      "version": "3.0.4",
      "resolved": "https://registry.npmjs.org/lodash.isarray/-/lodash.isarray-3.0.4.tgz",
      "integrity": "sha512-JwObCrNJuT0Nnbuecmqr5DgtuBppuCvGD9lxjFpAzwnVtdGoDQ1zig+5W8k5/6Gcn0gZ3936HDAlGd28i7sOGQ=="
    },
    "node_modules/lodash.isplainobject": {
      "version": "3.2.0",
      "resolved": "https://registry.npmjs.org/lodash.isplainobject/-/lodash.isplainobject-3.2.0.tgz",
      "integrity": "sha512-P4wZnho5curNqeEq/x292Pb57e1v+woR7DJ84DURelKB46lby8aDEGVobSaYtzHdQBWQrJSdxcCwjlGOvvdIyg==",
      "dependencies": {
        "lodash._basefor": "^3.0.0",
        "lodash.isarguments": "^3.0.0",
        "lodash.keysin": "^3.0.0"
      }
    },
    "node_modules/lodash.keysin": {
      "version": "3.0.8",
      "resolved": "https://registry.npmjs.org/lodash.keysin/-/lodash.keysin-3.0.8.tgz",
      "integrity": "sha512-YDB/5xkL3fBKFMDaC+cfGV00pbiJ6XoJIfRmBhv7aR6wWtbCW6IzkiWnTfkiHTF6ALD7ff83dAtB3OEaSoyQPg==",
      "dependencies": {
        "lodash.isarguments": "^3.0.0",
        "lodash.isarray": "^3.0.0"
      }
    },
    "node_modules/loose-envify": {
      "version": "1.4.0",
      "resolved": "https://registry.npmjs.org/loose-envify/-/loose-envify-1.4.0.tgz",
      "integrity": "sha512-lyuxPGr/Wfhrlem2CL/UcnUc1zcqKAImBDzukY7Y5F/yQiNdko6+fRLevlw1HgMySw7f611UIY408EtxRSoK3Q==",
      "dependencies": {
        "js-tokens": "^3.0.0 || ^4.0.0"
      },
      "bin": {
        "loose-envify": "cli.js"
      }
    },
    "node_modules/ms": {
      "version": "2.0.0",
      "resolved": "https://registry.npmjs.org/ms/-/ms-2.0.0.tgz",
      "integrity": "sha512-Tpp60P6IUJDTuOq/5Z8cdskzJujfwqfOTkrwIwj7IRISpnkJnT6SyJ4PCPnGMoFjC9ddhal5KVIYtAt97ix05A=="
    },
    "node_modules/redux": {
      "version": "4.2.1",
      "resolved": "https://registry.npmjs.org/redux/-/redux-4.2.1.tgz",
      "integrity": "sha512-LAUYz4lc+Do8/g7aeRa8JkyDErK6ekstQaqWQrNRW//MY1TvCEpMtpTWvlQ+FPbWCx+Xixu/6SHt5N0HR+SB4w==",
      "dependencies": {
        "@babel/runtime": "^7.9.2"
      }
    },
    "node_modules/redux-toolkit": {
      "version": "1.1.2",
      "resolved": "https://registry.npmjs.org/redux-toolkit/-/redux-toolkit-1.1.2.tgz",
      "integrity": "sha512-ZDs6LqSvGLy5kcFfl3yHB/xzpPlXodryCex4ICJUJ2s1SiE/zUsbT/y4YU5IDJafNh4cmTr/J518nTJ+V4rIOQ==",
      "dependencies": {
        "debug": "^2.2.0",
        "flux-standard-action": "^0.6.0",
        "invariant": "^2.1.1",
        "lodash": "^3.10.1"
      }
    },
    "node_modules/regenerator-runtime": {
      "version": "0.13.11",
      "resolved": "https://registry.npmjs.org/regenerator-runtime/-/regenerator-runtime-0.13.11.tgz",
      "integrity": "sha512-kY1AZVr2Ra+t+piVaJ4gxaFaReZVH40AKNo7UCX6W+dEwBo/2oZJzqfuN1qLq1oL45o56cPaTXELwrTh8Fpggg=="
    }
  },
  "dependencies": {
    "@babel/runtime": {
      "version": "7.22.6",
      "resolved": "https://registry.npmjs.org/@babel/runtime/-/runtime-7.22.6.tgz",
      "integrity": "sha512-wDb5pWm4WDdF6LFUde3Jl8WzPA+3ZbxYqkC6xAXuD3irdEHN1k0NfTRrJD8ZD378SJ61miMLCqIOXYhd8x+AJQ==",
      "requires": {
        "regenerator-runtime": "^0.13.11"
      }
    },
    "debug": {
      "version": "2.6.9",
      "resolved": "https://registry.npmjs.org/debug/-/debug-2.6.9.tgz",
      "integrity": "sha512-bC7ElrdJaJnPbAP+1EotYvqZsb3ecl5wi6Bfi6BJTUcNowp6cvspg0jXznRTKDjm/E7AdgFBVeAPVMNcKGsHMA==",
      "requires": {
        "ms": "2.0.0"
      }
    },
    "dotenv": {
      "version": "16.3.1",
      "resolved": "https://registry.npmjs.org/dotenv/-/dotenv-16.3.1.tgz",
      "integrity": "sha512-IPzF4w4/Rd94bA9imS68tZBaYyBWSCE47V1RGuMrB94iyTOIEwRmVL2x/4An+6mETpLrKJ5hQkB8W4kFAadeIQ=="
    },
    "flux-standard-action": {
      "version": "0.6.1",
      "resolved": "https://registry.npmjs.org/flux-standard-action/-/flux-standard-action-0.6.1.tgz",
      "integrity": "sha512-CBd2tVQN1xvBz7i2ZMPP7XvMbZQCSl/Pz4a00JRQyipYlKNUwsHJctZW+dveCAxFySMvXlVJNevyfMOgT8Byvw==",
      "requires": {
        "lodash.isplainobject": "^3.2.0"
      }
    },
    "invariant": {
      "version": "2.2.4",
      "resolved": "https://registry.npmjs.org/invariant/-/invariant-2.2.4.tgz",
      "integrity": "sha512-phJfQVBuaJM5raOpJjSfkiD6BpbCE4Ns//LaXl6wGYtUBY83nWS6Rf9tXm2e8VaK60JEjYldbPif/A2B1C2gNA==",
      "requires": {
        "loose-envify": "^1.0.0"
      }
    },
    "js-tokens": {
      "version": "4.0.0",
      "resolved": "https://registry.npmjs.org/js-tokens/-/js-tokens-4.0.0.tgz",
      "integrity": "sha512-RdJUflcE3cUzKiMqQgsCu06FPu9UdIJO0beYbPhHN4k6apgJtifcoCtT9bcxOpYBtpD2kCM6Sbzg4CausW/PKQ=="
    },
    "lodash": {
      "version": "3.10.1",
      "resolved": "https://registry.npmjs.org/lodash/-/lodash-3.10.1.tgz",
      "integrity": "sha512-9mDDwqVIma6OZX79ZlDACZl8sBm0TEnkf99zV3iMA4GzkIT/9hiqP5mY0HoT1iNLCrKc/R1HByV+yJfRWVJryQ=="
    },
    "lodash._basefor": {
      "version": "3.0.3",
      "resolved": "https://registry.npmjs.org/lodash._basefor/-/lodash._basefor-3.0.3.tgz",
      "integrity": "sha512-6bc3b8grkpMgDcVJv9JYZAk/mHgcqMljzm7OsbmcE2FGUMmmLQTPHlh/dFqR8LA0GQ7z4K67JSotVKu5058v1A=="
    },
    "lodash.isarguments": {
      "version": "3.1.0",
      "resolved": "https://registry.npmjs.org/lodash.isarguments/-/lodash.isarguments-3.1.0.tgz",
      "integrity": "sha512-chi4NHZlZqZD18a0imDHnZPrDeBbTtVN7GXMwuGdRH9qotxAjYs3aVLKc7zNOG9eddR5Ksd8rvFEBc9SsggPpg=="
    },
    "lodash.isarray": {
      "version": "3.0.4",
      "resolved": "https://registry.npmjs.org/lodash.isarray/-/lodash.isarray-3.0.4.tgz",
      "integrity": "sha512-JwObCrNJuT0Nnbuecmqr5DgtuBppuCvGD9lxjFpAzwnVtdGoDQ1zig+5W8k5/6Gcn0gZ3936HDAlGd28i7sOGQ=="
    },
    "lodash.isplainobject": {
      "version": "3.2.0",
      "resolved": "https://registry.npmjs.org/lodash.isplainobject/-/lodash.isplainobject-3.2.0.tgz",
      "integrity": "sha512-P4wZnho5curNqeEq/x292Pb57e1v+woR7DJ84DURelKB46lby8aDEGVobSaYtzHdQBWQrJSdxcCwjlGOvvdIyg==",
      "requires": {
        "lodash._basefor": "^3.0.0",
        "lodash.isarguments": "^3.0.0",
        "lodash.keysin": "^3.0.0"
      }
    },
    "lodash.keysin": {
      "version": "3.0.8",
      "resolved": "https://registry.npmjs.org/lodash.keysin/-/lodash.keysin-3.0.8.tgz",
      "integrity": "sha512-YDB/5xkL3fBKFMDaC+cfGV00pbiJ6XoJIfRmBhv7aR6wWtbCW6IzkiWnTfkiHTF6ALD7ff83dAtB3OEaSoyQPg==",
      "requires": {
        "lodash.isarguments": "^3.0.0",
        "lodash.isarray": "^3.0.0"
      }
    },
    "loose-envify": {
      "version": "1.4.0",
      "resolved": "https://registry.npmjs.org/loose-envify/-/loose-envify-1.4.0.tgz",
      "integrity": "sha512-lyuxPGr/Wfhrlem2CL/UcnUc1zcqKAImBDzukY7Y5F/yQiNdko6+fRLevlw1HgMySw7f611UIY408EtxRSoK3Q==",
      "requires": {
        "js-tokens": "^3.0.0 || ^4.0.0"
      }
    },
    "ms": {
      "version": "2.0.0",
      "resolved": "https://registry.npmjs.org/ms/-/ms-2.0.0.tgz",
      "integrity": "sha512-Tpp60P6IUJDTuOq/5Z8cdskzJujfwqfOTkrwIwj7IRISpnkJnT6SyJ4PCPnGMoFjC9ddhal5KVIYtAt97ix05A=="
    },
    "redux": {
      "version": "4.2.1",
      "resolved": "https://registry.npmjs.org/redux/-/redux-4.2.1.tgz",
      "integrity": "sha512-LAUYz4lc+Do8/g7aeRa8JkyDErK6ekstQaqWQrNRW//MY1TvCEpMtpTWvlQ+FPbWCx+Xixu/6SHt5N0HR+SB4w==",
      "requires": {
        "@babel/runtime": "^7.9.2"
      }
    },
    "redux-toolkit": {
      "version": "1.1.2",
      "resolved": "https://registry.npmjs.org/redux-toolkit/-/redux-toolkit-1.1.2.tgz",
      "integrity": "sha512-ZDs6LqSvGLy5kcFfl3yHB/xzpPlXodryCex4ICJUJ2s1SiE/zUsbT/y4YU5IDJafNh4cmTr/J518nTJ+V4rIOQ==",
      "requires": {
        "debug": "^2.2.0",
        "flux-standard-action": "^0.6.0",
        "invariant": "^2.1.1",
        "lodash": "^3.10.1"
      }
    },
    "regenerator-runtime": {
      "version": "0.13.11",
      "resolved": "https://registry.npmjs.org/regenerator-runtime/-/regenerator-runtime-0.13.11.tgz",
      "integrity": "sha512-kY1AZVr2Ra+t+piVaJ4gxaFaReZVH40AKNo7UCX6W+dEwBo/2oZJzqfuN1qLq1oL45o56cPaTXELwrTh8Fpggg=="
    }
  }
}
